{
  "name": "@musicube/api-client",
  "version": "0.1.3",
  "lockfileVersion": 2,
  "requires": true,
  "packages": {
    "": {
      "name": "@musicube/api-client",
      "version": "0.1.3",
      "license": "MIT",
      "devDependencies": {
        "@types/faker": "5.5.8",
        "@types/json-schema-faker": "0.5.1",
        "@types/node": "16.7.8",
        "date-fns": "2.23.0",
        "faker": "5.5.3",
        "json-schema-faker": "*",
        "type-fest": "2.1.0",
        "typed-factories": "0.1.0"
      },
      "optionalDependencies": {
        "date-fns": "^2.23.0",
        "faker": "^5.5.3",
        "json-schema-faker": "^0.4 || ^0.5"
      }
    },
    "node_modules/@types/faker": {
      "version": "5.5.8",
      "resolved": "https://registry.npmjs.org/@types/faker/-/faker-5.5.8.tgz",
      "integrity": "sha512-bsl0rYsaZVHlZkynL5O04q6YXDmVjcid6MbOHWqvtE2WWs/EKhp0qchDDhVWlWyQXUffX1G83X9LnMxRl8S/Mw==",
      "dev": true
    },
    "node_modules/@types/json-schema": {
      "version": "7.0.9",
      "resolved": "https://registry.npmjs.org/@types/json-schema/-/json-schema-7.0.9.tgz",
      "integrity": "sha512-qcUXuemtEu+E5wZSJHNxUXeCZhAfXKQ41D+duX+VYPde7xyEVZci+/oXKJL13tnRs9lR2pr4fod59GT6/X1/yQ==",
      "dev": true
    },
    "node_modules/@types/json-schema-faker": {
      "version": "0.5.1",
      "resolved": "https://registry.npmjs.org/@types/json-schema-faker/-/json-schema-faker-0.5.1.tgz",
      "integrity": "sha512-gXkZKNeQEMLFH2aYVG+ZSxdrLN2MCi0V6CoB3RAcUSz1BTfXntCOpTDdrfx+rTQ3x2sctFjM3gGauqDVxDXI7g==",
      "dev": true,
      "dependencies": {
        "@types/json-schema": "*"
      }
    },
    "node_modules/@types/node": {
      "version": "16.7.8",
      "resolved": "https://registry.npmjs.org/@types/node/-/node-16.7.8.tgz",
      "integrity": "sha512-8upnoQU0OPzbIkm+ZMM0zCeFCkw2s3mS0IWdx0+AAaWqm4fkBb0UJp8Edl7FVKRamYbpJC/aVsHpKWBIbiC7Zg==",
      "dev": true
    },
    "node_modules/balanced-match": {
      "version": "1.0.2",
      "resolved": "https://registry.npmjs.org/balanced-match/-/balanced-match-1.0.2.tgz",
      "integrity": "sha512-3oSeUO0TMV67hN1AmbXsK4yaqU7tjiHlbxRDZOpH0KW9+CeX4bRAaX0Anxt0tx2MrpRpWwQaPwIlISEJhYU5Pw==",
      "dev": true
    },
    "node_modules/brace-expansion": {
      "version": "1.1.11",
      "resolved": "https://registry.npmjs.org/brace-expansion/-/brace-expansion-1.1.11.tgz",
      "integrity": "sha512-iCuPHDFgrHX7H2vEI/5xpz07zSHB00TpugqhmYtVmMO6518mCuRMoOYFldEBl0g187ufozdaHgWKcYFb61qGiA==",
      "dev": true,
      "dependencies": {
        "balanced-match": "^1.0.0",
        "concat-map": "0.0.1"
      }
    },
    "node_modules/chance": {
      "version": "1.1.7",
      "resolved": "https://registry.npmjs.org/chance/-/chance-1.1.7.tgz",
      "integrity": "sha512-bua/2cZEfzS6qPm0vi3JEvGNbriDLcMj9lKxCQOjUcCJRcyjA7umP0zZm6bKWWlBN04vA0L99QGH/CZQawr0eg==",
      "devOptional": true
    },
    "node_modules/commander": {
      "version": "7.2.0",
      "resolved": "https://registry.npmjs.org/commander/-/commander-7.2.0.tgz",
      "integrity": "sha512-QrWXB+ZQSVPmIWIhtEO9H+gwHaMGYiF5ChvoJ+K9ZGHG/sVsa6yiesAD1GC/x46sET00Xlwo1u49RVVVzvcSkw==",
      "dev": true,
      "engines": {
        "node": ">= 10"
      }
    },
    "node_modules/concat-map": {
      "version": "0.0.1",
      "resolved": "https://registry.npmjs.org/concat-map/-/concat-map-0.0.1.tgz",
      "integrity": "sha1-2Klr13/Wjfd5OnMDajug1UBdR3s=",
      "dev": true
    },
    "node_modules/date-fns": {
      "version": "2.23.0",
      "resolved": "https://registry.npmjs.org/date-fns/-/date-fns-2.23.0.tgz",
      "integrity": "sha512-5ycpauovVyAk0kXNZz6ZoB9AYMZB4DObse7P3BPWmyEjXNORTI8EJ6X0uaSAq4sCHzM1uajzrkr6HnsLQpxGXA==",
      "optional": true,
      "engines": {
        "node": ">=0.11"
      },
      "funding": {
        "type": "opencollective",
        "url": "https://opencollective.com/date-fns"
      }
    },
    "node_modules/deep-extend": {
      "version": "0.6.0",
      "resolved": "https://registry.npmjs.org/deep-extend/-/deep-extend-0.6.0.tgz",
      "integrity": "sha512-LOHxIOaPYdHlJRtCQfDIVZtfw/ufM8+rVj649RIHzcm/vGwQRXFt6OPqIFWsm2XEMrNIEtWR64sY1LEKD2vAOA==",
      "devOptional": true,
      "engines": {
        "node": ">=4.0.0"
      }
    },
    "node_modules/deref": {
      "version": "0.7.6",
      "resolved": "https://registry.npmjs.org/deref/-/deref-0.7.6.tgz",
      "integrity": "sha512-8en95BZvFIHY+G4bnW1292qFfubV7NSogpoBNJFCbbSPEvRGKkOfMRgVhl3AtXSdxpRQ6WMuZhMVIlpFVBB3AA==",
      "devOptional": true,
      "dependencies": {
        "deep-extend": "^0.6.0"
      }
    },
    "node_modules/drange": {
      "version": "1.1.1",
      "resolved": "https://registry.npmjs.org/drange/-/drange-1.1.1.tgz",
      "integrity": "sha512-pYxfDYpued//QpnLIm4Avk7rsNtAtQkUES2cwAYSvD/wd2pKD71gN2Ebj3e7klzXwjocvE8c5vx/1fxwpqmSxA==",
      "devOptional": true,
      "engines": {
        "node": ">=4"
      }
    },
    "node_modules/faker": {
      "version": "5.5.3",
      "resolved": "https://registry.npmjs.org/faker/-/faker-5.5.3.tgz",
      "integrity": "sha512-wLTv2a28wjUyWkbnX7u/ABZBkUkIF2fCd73V6P2oFqEGEktDfzWx4UxrSqtPRw0xPRAcjeAOIiJWqZm3pP4u3g==",
      "optional": true
    },
    "node_modules/fast-json-stable-stringify": {
      "version": "2.1.0",
      "resolved": "https://registry.npmjs.org/fast-json-stable-stringify/-/fast-json-stable-stringify-2.1.0.tgz",
      "integrity": "sha512-lhd/wF+Lk98HZoTCtlVraHtfh5XYijIjalXck7saUtuanSDyLMxnHhSXEDJqHxD7msR8D0uCmqlkwjCV8xvwHw==",
      "dev": true
    },
    "node_modules/fs.realpath": {
      "version": "1.0.0",
      "resolved": "https://registry.npmjs.org/fs.realpath/-/fs.realpath-1.0.0.tgz",
      "integrity": "sha1-FQStJSMVjKpA20onh8sBQRmU6k8=",
      "dev": true
    },
    "node_modules/glob": {
      "version": "7.1.7",
      "resolved": "https://registry.npmjs.org/glob/-/glob-7.1.7.tgz",
      "integrity": "sha512-OvD9ENzPLbegENnYP5UUfJIirTg4+XwMWGaQfQTY0JenxNvvIKP3U3/tAQSPIu/lHxXYSZmpXlUHeqAIdKzBLQ==",
      "dev": true,
      "dependencies": {
        "fs.realpath": "^1.0.0",
        "inflight": "^1.0.4",
        "inherits": "2",
        "minimatch": "^3.0.4",
        "once": "^1.3.0",
        "path-is-absolute": "^1.0.0"
      },
      "engines": {
        "node": "*"
      },
      "funding": {
        "url": "https://github.com/sponsors/isaacs"
      }
    },
    "node_modules/inflight": {
      "version": "1.0.6",
      "resolved": "https://registry.npmjs.org/inflight/-/inflight-1.0.6.tgz",
      "integrity": "sha1-Sb1jMdfQLQwJvJEKEHW6gWW1bfk=",
      "dev": true,
      "dependencies": {
        "once": "^1.3.0",
        "wrappy": "1"
      }
    },
    "node_modules/inherits": {
      "version": "2.0.4",
      "resolved": "https://registry.npmjs.org/inherits/-/inherits-2.0.4.tgz",
      "integrity": "sha512-k/vGaX4/Yla3WzyMCvTQOXYeIHvqOKtnqBduzTHpzpQZzAskKMhZ2K+EnBiSM9zGSoIFeMpXKxa4dYeZIQqewQ==",
      "dev": true
    },
    "node_modules/json-schema-faker": {
      "version": "0.4.7",
      "resolved": "https://registry.npmjs.org/json-schema-faker/-/json-schema-faker-0.4.7.tgz",
      "integrity": "sha512-xB1OVebUsCxW1BWVGFhRL0RHTdOz0js13CAp7OOXp5/s02wwxj+K9/QGK/9918+CKj7qpeqVZjMpGgmVsOTvmQ==",
      "devOptional": true,
      "license": "MIT",
      "dependencies": {
        "chance": "^1.0.11",
        "deref": "^0.7.0",
        "faker": "^4.1.0",
        "randexp": "^0.4.6",
        "tslib": "^1.8.0"
      }
    },
    "node_modules/json-schema-faker/node_modules/faker": {
      "version": "4.1.0",
      "resolved": "https://registry.npmjs.org/faker/-/faker-4.1.0.tgz",
      "integrity": "sha1-HkW7vsxndLPBlfrSg1EJxtdIzD8=",
      "devOptional": true
    },
    "node_modules/json-stable-stringify": {
      "version": "1.0.1",
      "resolved": "https://registry.npmjs.org/json-stable-stringify/-/json-stable-stringify-1.0.1.tgz",
      "integrity": "sha1-mnWdOcXy/1A/1TAGRu1EX4jE+a8=",
      "dev": true,
      "dependencies": {
        "jsonify": "~0.0.0"
      }
    },
    "node_modules/jsonify": {
      "version": "0.0.0",
      "resolved": "https://registry.npmjs.org/jsonify/-/jsonify-0.0.0.tgz",
      "integrity": "sha1-LHS27kHZPKUbe1qu6PUDYx0lKnM=",
      "dev": true,
      "engines": {
        "node": "*"
      }
    },
    "node_modules/minimatch": {
      "version": "3.0.4",
      "resolved": "https://registry.npmjs.org/minimatch/-/minimatch-3.0.4.tgz",
      "integrity": "sha512-yJHVQEhyqPLUTgt9B83PXu6W3rx4MvvHvSUvToogpwoGDOUQ+yDrR0HRot+yOCdCO7u4hX3pWft6kWBBcqh0UA==",
      "dev": true,
      "dependencies": {
        "brace-expansion": "^1.1.7"
      },
      "engines": {
        "node": "*"
      }
    },
    "node_modules/minimist": {
      "version": "1.2.5",
      "resolved": "https://registry.npmjs.org/minimist/-/minimist-1.2.5.tgz",
      "integrity": "sha512-FM9nNUYrRBAELZQT3xeZQ7fmMOBg6nWNmJKTcgsJeaLstP/UODVpGsr5OhXhhXg6f+qtJ8uiZ+PUxkDWcgIXLw==",
      "dev": true
    },
    "node_modules/once": {
      "version": "1.4.0",
      "resolved": "https://registry.npmjs.org/once/-/once-1.4.0.tgz",
      "integrity": "sha1-WDsap3WWHUsROsF9nFC6753Xa9E=",
      "dev": true,
      "dependencies": {
        "wrappy": "1"
      }
    },
    "node_modules/path-is-absolute": {
      "version": "1.0.1",
      "resolved": "https://registry.npmjs.org/path-is-absolute/-/path-is-absolute-1.0.1.tgz",
      "integrity": "sha1-F0uSaHNVNP+8es5r9TpanhtcX18=",
      "dev": true,
      "engines": {
        "node": ">=0.10.0"
      }
    },
    "node_modules/randexp": {
      "version": "0.4.9",
      "resolved": "https://registry.npmjs.org/randexp/-/randexp-0.4.9.tgz",
      "integrity": "sha512-maAX1cnBkzIZ89O4tSQUOF098xjGMC8N+9vuY/WfHwg87THw6odD2Br35donlj5e6KnB1SB0QBHhTQhhDHuTPQ==",
      "devOptional": true,
      "dependencies": {
        "drange": "^1.0.0",
        "ret": "^0.2.0"
      },
      "engines": {
        "node": ">=4"
      }
    },
    "node_modules/ret": {
      "version": "0.2.2",
      "resolved": "https://registry.npmjs.org/ret/-/ret-0.2.2.tgz",
      "integrity": "sha512-M0b3YWQs7R3Z917WRQy1HHA7Ba7D8hvZg6UE5mLykJxQVE2ju0IXbGlaHPPlkY+WN7wFP+wUMXmBFA0aV6vYGQ==",
      "devOptional": true,
      "engines": {
        "node": ">=4"
      }
    },
    "node_modules/ts-json-schema-generator": {
      "version": "0.90.0",
      "resolved": "https://registry.npmjs.org/ts-json-schema-generator/-/ts-json-schema-generator-0.90.0.tgz",
      "integrity": "sha512-BAbZVcNowsHTUgoZfwhM5Uv7EUiweXkb/9EOIO0Rj07qHNMOg/fQt1NrcjpvNpvs96qSaWK2jXsnTKwkbftH4g==",
      "dev": true,
      "dependencies": {
        "@types/json-schema": "^7.0.7",
        "commander": "^7.2.0",
        "fast-json-stable-stringify": "^2.1.0",
        "glob": "^7.1.6",
        "json-stable-stringify": "^1.0.1",
        "typescript": "~4.2.3"
      },
      "bin": {
        "ts-json-schema-generator": "bin/ts-json-schema-generator"
      },
      "engines": {
        "node": ">=10.0.0"
      }
    },
    "node_modules/tslib": {
      "version": "1.14.1",
      "resolved": "https://registry.npmjs.org/tslib/-/tslib-1.14.1.tgz",
      "integrity": "sha512-Xni35NKzjgMrwevysHTCArtLDpPvye8zV/0E4EyYn43P7/7qvQwPh9BGkHewbMulVntbigmcT7rdX3BNo9wRJg==",
      "devOptional": true
    },
    "node_modules/type-fest": {
      "version": "2.1.0",
      "resolved": "https://registry.npmjs.org/type-fest/-/type-fest-2.1.0.tgz",
      "integrity": "sha512-2wHUmKDy5wNLmebekbHx/zE9ElYAKOmz34psTLG7OwyEJHaIUr6jnaCd55EvgrawAvliwbwgbyH1LkxIfWFyNg==",
      "dev": true,
      "engines": {
        "node": ">=12.20"
      },
      "funding": {
        "url": "https://github.com/sponsors/sindresorhus"
      }
    },
    "node_modules/typed-factories": {
      "version": "0.1.0",
      "resolved": "https://registry.npmjs.org/typed-factories/-/typed-factories-0.1.0.tgz",
      "integrity": "sha512-hgm5xgCs4Q2DjJEJFXQ/07zMJJLxYXnFjwWR+16hO/T9UorO4r2iySQA09RX9HybinnpklFI3zVhHjs+J6v2UA==",
      "dev": true,
      "license": "MIT",
      "dependencies": {
        "minimist": "1.2.5",
        "ts-json-schema-generator": "0.90.0"
      },
      "bin": {
        "create-typed-factories": "lib/cli.js"
      },
      "peerDependencies": {
        "@types/json-schema-faker": "*",
        "json-schema-faker": "*"
      }
    },
    "node_modules/typescript": {
      "version": "4.2.4",
      "resolved": "https://registry.npmjs.org/typescript/-/typescript-4.2.4.tgz",
      "integrity": "sha512-V+evlYHZnQkaz8TRBuxTA92yZBPotr5H+WhQ7bD3hZUndx5tGOa1fuCgeSjxAzM1RiN5IzvadIXTVefuuwZCRg==",
      "dev": true,
      "bin": {
        "tsc": "bin/tsc",
        "tsserver": "bin/tsserver"
      },
      "engines": {
        "node": ">=4.2.0"
      }
    },
    "node_modules/wrappy": {
      "version": "1.0.2",
      "resolved": "https://registry.npmjs.org/wrappy/-/wrappy-1.0.2.tgz",
      "integrity": "sha1-tSQ9jz7BqjXxNkYFvA0QNuMKtp8=",
      "dev": true
    }
  },
  "dependencies": {
    "@types/faker": {
      "version": "5.5.8",
      "resolved": "https://registry.npmjs.org/@types/faker/-/faker-5.5.8.tgz",
      "integrity": "sha512-bsl0rYsaZVHlZkynL5O04q6YXDmVjcid6MbOHWqvtE2WWs/EKhp0qchDDhVWlWyQXUffX1G83X9LnMxRl8S/Mw==",
      "dev": true
    },
    "@types/json-schema": {
      "version": "7.0.9",
      "resolved": "https://registry.npmjs.org/@types/json-schema/-/json-schema-7.0.9.tgz",
      "integrity": "sha512-qcUXuemtEu+E5wZSJHNxUXeCZhAfXKQ41D+duX+VYPde7xyEVZci+/oXKJL13tnRs9lR2pr4fod59GT6/X1/yQ==",
      "dev": true
    },
    "@types/json-schema-faker": {
      "version": "0.5.1",
      "resolved": "https://registry.npmjs.org/@types/json-schema-faker/-/json-schema-faker-0.5.1.tgz",
      "integrity": "sha512-gXkZKNeQEMLFH2aYVG+ZSxdrLN2MCi0V6CoB3RAcUSz1BTfXntCOpTDdrfx+rTQ3x2sctFjM3gGauqDVxDXI7g==",
      "dev": true,
      "requires": {
        "@types/json-schema": "*"
      }
    },
    "@types/node": {
      "version": "16.7.8",
      "resolved": "https://registry.npmjs.org/@types/node/-/node-16.7.8.tgz",
      "integrity": "sha512-8upnoQU0OPzbIkm+ZMM0zCeFCkw2s3mS0IWdx0+AAaWqm4fkBb0UJp8Edl7FVKRamYbpJC/aVsHpKWBIbiC7Zg==",
      "dev": true
    },
    "balanced-match": {
      "version": "1.0.2",
      "resolved": "https://registry.npmjs.org/balanced-match/-/balanced-match-1.0.2.tgz",
      "integrity": "sha512-3oSeUO0TMV67hN1AmbXsK4yaqU7tjiHlbxRDZOpH0KW9+CeX4bRAaX0Anxt0tx2MrpRpWwQaPwIlISEJhYU5Pw==",
      "dev": true
    },
    "brace-expansion": {
      "version": "1.1.11",
      "resolved": "https://registry.npmjs.org/brace-expansion/-/brace-expansion-1.1.11.tgz",
      "integrity": "sha512-iCuPHDFgrHX7H2vEI/5xpz07zSHB00TpugqhmYtVmMO6518mCuRMoOYFldEBl0g187ufozdaHgWKcYFb61qGiA==",
      "dev": true,
      "requires": {
        "balanced-match": "^1.0.0",
        "concat-map": "0.0.1"
      }
    },
    "chance": {
      "version": "1.1.7",
      "resolved": "https://registry.npmjs.org/chance/-/chance-1.1.7.tgz",
      "integrity": "sha512-bua/2cZEfzS6qPm0vi3JEvGNbriDLcMj9lKxCQOjUcCJRcyjA7umP0zZm6bKWWlBN04vA0L99QGH/CZQawr0eg==",
      "devOptional": true
    },
    "commander": {
      "version": "7.2.0",
      "resolved": "https://registry.npmjs.org/commander/-/commander-7.2.0.tgz",
      "integrity": "sha512-QrWXB+ZQSVPmIWIhtEO9H+gwHaMGYiF5ChvoJ+K9ZGHG/sVsa6yiesAD1GC/x46sET00Xlwo1u49RVVVzvcSkw==",
      "dev": true
    },
    "concat-map": {
      "version": "0.0.1",
      "resolved": "https://registry.npmjs.org/concat-map/-/concat-map-0.0.1.tgz",
      "integrity": "sha1-2Klr13/Wjfd5OnMDajug1UBdR3s=",
      "dev": true
    },
    "date-fns": {
      "version": "2.23.0",
      "resolved": "https://registry.npmjs.org/date-fns/-/date-fns-2.23.0.tgz",
      "integrity": "sha512-5ycpauovVyAk0kXNZz6ZoB9AYMZB4DObse7P3BPWmyEjXNORTI8EJ6X0uaSAq4sCHzM1uajzrkr6HnsLQpxGXA==",
      "optional": true
    },
    "deep-extend": {
      "version": "0.6.0",
      "resolved": "https://registry.npmjs.org/deep-extend/-/deep-extend-0.6.0.tgz",
      "integrity": "sha512-LOHxIOaPYdHlJRtCQfDIVZtfw/ufM8+rVj649RIHzcm/vGwQRXFt6OPqIFWsm2XEMrNIEtWR64sY1LEKD2vAOA==",
      "devOptional": true
    },
    "deref": {
      "version": "0.7.6",
      "resolved": "https://registry.npmjs.org/deref/-/deref-0.7.6.tgz",
      "integrity": "sha512-8en95BZvFIHY+G4bnW1292qFfubV7NSogpoBNJFCbbSPEvRGKkOfMRgVhl3AtXSdxpRQ6WMuZhMVIlpFVBB3AA==",
      "devOptional": true,
      "requires": {
        "deep-extend": "^0.6.0"
      }
    },
    "drange": {
      "version": "1.1.1",
      "resolved": "https://registry.npmjs.org/drange/-/drange-1.1.1.tgz",
      "integrity": "sha512-pYxfDYpued//QpnLIm4Avk7rsNtAtQkUES2cwAYSvD/wd2pKD71gN2Ebj3e7klzXwjocvE8c5vx/1fxwpqmSxA==",
      "devOptional": true
    },
    "faker": {
      "version": "5.5.3",
      "resolved": "https://registry.npmjs.org/faker/-/faker-5.5.3.tgz",
      "integrity": "sha512-wLTv2a28wjUyWkbnX7u/ABZBkUkIF2fCd73V6P2oFqEGEktDfzWx4UxrSqtPRw0xPRAcjeAOIiJWqZm3pP4u3g==",
      "optional": true
    },
    "fast-json-stable-stringify": {
      "version": "2.1.0",
      "resolved": "https://registry.npmjs.org/fast-json-stable-stringify/-/fast-json-stable-stringify-2.1.0.tgz",
      "integrity": "sha512-lhd/wF+Lk98HZoTCtlVraHtfh5XYijIjalXck7saUtuanSDyLMxnHhSXEDJqHxD7msR8D0uCmqlkwjCV8xvwHw==",
      "dev": true
    },
    "fs.realpath": {
      "version": "1.0.0",
      "resolved": "https://registry.npmjs.org/fs.realpath/-/fs.realpath-1.0.0.tgz",
      "integrity": "sha1-FQStJSMVjKpA20onh8sBQRmU6k8=",
      "dev": true
    },
    "glob": {
      "version": "7.1.7",
      "resolved": "https://registry.npmjs.org/glob/-/glob-7.1.7.tgz",
      "integrity": "sha512-OvD9ENzPLbegENnYP5UUfJIirTg4+XwMWGaQfQTY0JenxNvvIKP3U3/tAQSPIu/lHxXYSZmpXlUHeqAIdKzBLQ==",
      "dev": true,
      "requires": {
        "fs.realpath": "^1.0.0",
        "inflight": "^1.0.4",
        "inherits": "2",
        "minimatch": "^3.0.4",
        "once": "^1.3.0",
        "path-is-absolute": "^1.0.0"
      }
    },
    "inflight": {
      "version": "1.0.6",
      "resolved": "https://registry.npmjs.org/inflight/-/inflight-1.0.6.tgz",
      "integrity": "sha1-Sb1jMdfQLQwJvJEKEHW6gWW1bfk=",
      "dev": true,
      "requires": {
        "once": "^1.3.0",
        "wrappy": "1"
      }
    },
    "inherits": {
      "version": "2.0.4",
      "resolved": "https://registry.npmjs.org/inherits/-/inherits-2.0.4.tgz",
      "integrity": "sha512-k/vGaX4/Yla3WzyMCvTQOXYeIHvqOKtnqBduzTHpzpQZzAskKMhZ2K+EnBiSM9zGSoIFeMpXKxa4dYeZIQqewQ==",
      "dev": true
    },
    "json-schema-faker": {
      "version": "0.4.7",
      "resolved": "https://registry.npmjs.org/json-schema-faker/-/json-schema-faker-0.4.7.tgz",
      "integrity": "sha512-xB1OVebUsCxW1BWVGFhRL0RHTdOz0js13CAp7OOXp5/s02wwxj+K9/QGK/9918+CKj7qpeqVZjMpGgmVsOTvmQ==",
      "devOptional": true,
      "requires": {
        "chance": "^1.0.11",
        "deref": "^0.7.0",
        "faker": "^4.1.0",
        "randexp": "^0.4.6",
        "tslib": "^1.8.0"
      },
      "dependencies": {
        "faker": {
          "version": "4.1.0",
          "resolved": "https://registry.npmjs.org/faker/-/faker-4.1.0.tgz",
          "integrity": "sha1-HkW7vsxndLPBlfrSg1EJxtdIzD8=",
          "devOptional": true
        }
      }
    },
    "json-stable-stringify": {
      "version": "1.0.1",
      "resolved": "https://registry.npmjs.org/json-stable-stringify/-/json-stable-stringify-1.0.1.tgz",
      "integrity": "sha1-mnWdOcXy/1A/1TAGRu1EX4jE+a8=",
      "dev": true,
      "requires": {
        "jsonify": "~0.0.0"
      }
    },
    "jsonify": {
      "version": "0.0.0",
      "resolved": "https://registry.npmjs.org/jsonify/-/jsonify-0.0.0.tgz",
      "integrity": "sha1-LHS27kHZPKUbe1qu6PUDYx0lKnM=",
      "dev": true
    },
    "minimatch": {
      "version": "3.0.4",
      "resolved": "https://registry.npmjs.org/minimatch/-/minimatch-3.0.4.tgz",
      "integrity": "sha512-yJHVQEhyqPLUTgt9B83PXu6W3rx4MvvHvSUvToogpwoGDOUQ+yDrR0HRot+yOCdCO7u4hX3pWft6kWBBcqh0UA==",
      "dev": true,
      "requires": {
        "brace-expansion": "^1.1.7"
      }
    },
    "minimist": {
      "version": "1.2.5",
      "resolved": "https://registry.npmjs.org/minimist/-/minimist-1.2.5.tgz",
      "integrity": "sha512-FM9nNUYrRBAELZQT3xeZQ7fmMOBg6nWNmJKTcgsJeaLstP/UODVpGsr5OhXhhXg6f+qtJ8uiZ+PUxkDWcgIXLw==",
      "dev": true
    },
    "once": {
      "version": "1.4.0",
      "resolved": "https://registry.npmjs.org/once/-/once-1.4.0.tgz",
      "integrity": "sha1-WDsap3WWHUsROsF9nFC6753Xa9E=",
      "dev": true,
      "requires": {
        "wrappy": "1"
      }
    },
    "path-is-absolute": {
      "version": "1.0.1",
      "resolved": "https://registry.npmjs.org/path-is-absolute/-/path-is-absolute-1.0.1.tgz",
      "integrity": "sha1-F0uSaHNVNP+8es5r9TpanhtcX18=",
      "dev": true
    },
    "randexp": {
      "version": "0.4.9",
      "resolved": "https://registry.npmjs.org/randexp/-/randexp-0.4.9.tgz",
      "integrity": "sha512-maAX1cnBkzIZ89O4tSQUOF098xjGMC8N+9vuY/WfHwg87THw6odD2Br35donlj5e6KnB1SB0QBHhTQhhDHuTPQ==",
      "devOptional": true,
      "requires": {
        "drange": "^1.0.0",
        "ret": "^0.2.0"
      }
    },
    "ret": {
      "version": "0.2.2",
      "resolved": "https://registry.npmjs.org/ret/-/ret-0.2.2.tgz",
      "integrity": "sha512-M0b3YWQs7R3Z917WRQy1HHA7Ba7D8hvZg6UE5mLykJxQVE2ju0IXbGlaHPPlkY+WN7wFP+wUMXmBFA0aV6vYGQ==",
      "devOptional": true
    },
    "ts-json-schema-generator": {
      "version": "0.90.0",
      "resolved": "https://registry.npmjs.org/ts-json-schema-generator/-/ts-json-schema-generator-0.90.0.tgz",
      "integrity": "sha512-BAbZVcNowsHTUgoZfwhM5Uv7EUiweXkb/9EOIO0Rj07qHNMOg/fQt1NrcjpvNpvs96qSaWK2jXsnTKwkbftH4g==",
      "dev": true,
      "requires": {
        "@types/json-schema": "^7.0.7",
        "commander": "^7.2.0",
        "fast-json-stable-stringify": "^2.1.0",
        "glob": "^7.1.6",
        "json-stable-stringify": "^1.0.1",
        "typescript": "~4.2.3"
      }
    },
    "tslib": {
      "version": "1.14.1",
      "resolved": "https://registry.npmjs.org/tslib/-/tslib-1.14.1.tgz",
      "integrity": "sha512-Xni35NKzjgMrwevysHTCArtLDpPvye8zV/0E4EyYn43P7/7qvQwPh9BGkHewbMulVntbigmcT7rdX3BNo9wRJg==",
      "devOptional": true
    },
    "type-fest": {
      "version": "2.1.0",
      "resolved": "https://registry.npmjs.org/type-fest/-/type-fest-2.1.0.tgz",
      "integrity": "sha512-2wHUmKDy5wNLmebekbHx/zE9ElYAKOmz34psTLG7OwyEJHaIUr6jnaCd55EvgrawAvliwbwgbyH1LkxIfWFyNg==",
      "dev": true
    },
    "typed-factories": {
      "version": "0.1.0",
      "resolved": "https://registry.npmjs.org/typed-factories/-/typed-factories-0.1.0.tgz",
      "integrity": "sha512-hgm5xgCs4Q2DjJEJFXQ/07zMJJLxYXnFjwWR+16hO/T9UorO4r2iySQA09RX9HybinnpklFI3zVhHjs+J6v2UA==",
      "dev": true,
      "requires": {
        "minimist": "1.2.5",
        "ts-json-schema-generator": "0.90.0"
      }
    },
    "typescript": {
      "version": "4.2.4",
      "resolved": "https://registry.npmjs.org/typescript/-/typescript-4.2.4.tgz",
      "integrity": "sha512-V+evlYHZnQkaz8TRBuxTA92yZBPotr5H+WhQ7bD3hZUndx5tGOa1fuCgeSjxAzM1RiN5IzvadIXTVefuuwZCRg==",
      "dev": true
    },
    "wrappy": {
      "version": "1.0.2",
      "resolved": "https://registry.npmjs.org/wrappy/-/wrappy-1.0.2.tgz",
      "integrity": "sha1-tSQ9jz7BqjXxNkYFvA0QNuMKtp8=",
      "dev": true
    }
  }
}
